
Microsoft Visual Studio Solution File, Format Version 12.00
# Visual Studio Version 17
VisualStudioVersion = 17.5.33530.505
MinimumVisualStudioVersion = 10.0.40219.1
Project("{9A19103F-16F7-4668-BE54-9A1E7A4F7556}") = "OnnxDemo", "OnnxDemo\OnnxDemo.csproj", "{38011D48-A1A1-4962-9867-5A794B6BD4BF}"
EndProject
Project("{9A19103F-16F7-4668-BE54-9A1E7A4F7556}") = "OnnxWinForms", "OnnxWinForms\OnnxWinForms.csproj", "{C79AF046-DFC7-461A-ABC7-4483AE9DF04B}"
EndProject
Project("{FAE04EC0-301F-11D3-BF4B-00C04F79EFBC}") = "Common", "Common\Common.csproj", "{AA8E036F-A898-4FFD-864F-0B555CDA18D5}"
EndProject
Global
	GlobalSection(SolutionConfigurationPlatforms) = preSolution
		Debug|Any CPU = Debug|Any CPU
		Release|Any CPU = Release|Any CPU
	EndGlobalSection
	GlobalSection(ProjectConfigurationPlatforms) = postSolution
		{38011D48-A1A1-4962-9867-5A794B6BD4BF}.Debug|Any CPU.ActiveCfg = Debug|Any CPU
		{38011D48-A1A1-4962-9867-5A794B6BD4BF}.Debug|Any CPU.Build.0 = Debug|Any CPU
		{38011D48-A1A1-4962-9867-5A794B6BD4BF}.Release|Any CPU.ActiveCfg = Release|Any CPU
		{38011D48-A1A1-4962-9867-5A794B6BD4BF}.Release|Any CPU.Build.0 = Release|Any CPU
		{C79AF046-DFC7-461A-ABC7-4483AE9DF04B}.Debug|Any CPU.ActiveCfg = Debug|Any CPU
		{C79AF046-DFC7-461A-ABC7-4483AE9DF04B}.Debug|Any CPU.Build.0 = Debug|Any CPU
		{C79AF046-DFC7-461A-ABC7-4483AE9DF04B}.Release|Any CPU.ActiveCfg = Release|Any CPU
		{C79AF046-DFC7-461A-ABC7-4483AE9DF04B}.Release|Any CPU.Build.0 = Release|Any CPU
		{AA8E036F-A898-4FFD-864F-0B555CDA18D5}.Debug|Any CPU.ActiveCfg = Debug|Any CPU
		{AA8E036F-A898-4FFD-864F-0B555CDA18D5}.Debug|Any CPU.Build.0 = Debug|Any CPU
		{AA8E036F-A898-4FFD-864F-0B555CDA18D5}.Release|Any CPU.ActiveCfg = Release|Any CPU
		{AA8E036F-A898-4FFD-864F-0B555CDA18D5}.Release|Any CPU.Build.0 = Release|Any CPU
	EndGlobalSection
	GlobalSection(SolutionProperties) = preSolution
		HideSolutionNode = FALSE
	EndGlobalSection
	GlobalSection(ExtensibilityGlobals) = postSolution
		SolutionGuid = {7E0276EB-A826-4DA2-B760-12FB6AF82C8A}
	EndGlobalSection
EndGlobal
